
Microsoft Visual Studio Solution File, Format Version 12.00
# Visual Studio Version 17
VisualStudioVersion = 17.5.33312.197
MinimumVisualStudioVersion = 10.0.40219.1
Project("{9A19103F-16F7-4668-BE54-9A1E7A4F7556}") = "FCMicroservices", "FC.Microservices\FCMicroservices.csproj", "{D31FE599-74EB-4595-BD1D-3C280185CF14}"
EndProject
Project("{9A19103F-16F7-4668-BE54-9A1E7A4F7556}") = "FCMicroservices.Tests", "FC.Microservices.Tests\FCMicroservices.Tests.csproj", "{8C6B5226-4E25-43AB-80D7-55085221CF33}"
EndProject
Project("{FAE04EC0-301F-11D3-BF4B-00C04F79EFBC}") = "FooService", "FooService\FooService.csproj", "{0EEB81C0-55FF-41D6-A803-BDCDAF65EC96}"
EndProject
Global
	GlobalSection(SolutionConfigurationPlatforms) = preSolution
		Debug|Any CPU = Debug|Any CPU
		Release|Any CPU = Release|Any CPU
	EndGlobalSection
	GlobalSection(ProjectConfigurationPlatforms) = postSolution
		{D31FE599-74EB-4595-BD1D-3C280185CF14}.Debug|Any CPU.ActiveCfg = Debug|Any CPU
		{D31FE599-74EB-4595-BD1D-3C280185CF14}.Debug|Any CPU.Build.0 = Debug|Any CPU
		{D31FE599-74EB-4595-BD1D-3C280185CF14}.Release|Any CPU.ActiveCfg = Release|Any CPU
		{D31FE599-74EB-4595-BD1D-3C280185CF14}.Release|Any CPU.Build.0 = Release|Any CPU
		{8C6B5226-4E25-43AB-80D7-55085221CF33}.Debug|Any CPU.ActiveCfg = Debug|Any CPU
		{8C6B5226-4E25-43AB-80D7-55085221CF33}.Debug|Any CPU.Build.0 = Debug|Any CPU
		{8C6B5226-4E25-43AB-80D7-55085221CF33}.Release|Any CPU.ActiveCfg = Release|Any CPU
		{8C6B5226-4E25-43AB-80D7-55085221CF33}.Release|Any CPU.Build.0 = Release|Any CPU
		{0EEB81C0-55FF-41D6-A803-BDCDAF65EC96}.Debug|Any CPU.ActiveCfg = Debug|Any CPU
		{0EEB81C0-55FF-41D6-A803-BDCDAF65EC96}.Debug|Any CPU.Build.0 = Debug|Any CPU
		{0EEB81C0-55FF-41D6-A803-BDCDAF65EC96}.Release|Any CPU.ActiveCfg = Release|Any CPU
		{0EEB81C0-55FF-41D6-A803-BDCDAF65EC96}.Release|Any CPU.Build.0 = Release|Any CPU
	EndGlobalSection
	GlobalSection(SolutionProperties) = preSolution
		HideSolutionNode = FALSE
	EndGlobalSection
	GlobalSection(ExtensibilityGlobals) = postSolution
		SolutionGuid = {D8D02E85-E605-4F0D-AED3-A7A0EF2146F2}
	EndGlobalSection
EndGlobal
