
Microsoft Visual Studio Solution File, Format Version 12.00
# Visual Studio Version 17
VisualStudioVersion = 17.5.33312.197
MinimumVisualStudioVersion = 10.0.40219.1
Project("{9A19103F-16F7-4668-BE54-9A1E7A4F7556}") = "FC.Microservices", "FC.Microservices.csproj", "{E557ADEB-4924-4F00-AD88-74106ECACF34}"
EndProject
Global
	GlobalSection(SolutionConfigurationPlatforms) = preSolution
		Debug|Any CPU = Debug|Any CPU
		Release|Any CPU = Release|Any CPU
	EndGlobalSection
	GlobalSection(ProjectConfigurationPlatforms) = postSolution
		{E557ADEB-4924-4F00-AD88-74106ECACF34}.Debug|Any CPU.ActiveCfg = Debug|Any CPU
		{E557ADEB-4924-4F00-AD88-74106ECACF34}.Debug|Any CPU.Build.0 = Debug|Any CPU
		{E557ADEB-4924-4F00-AD88-74106ECACF34}.Release|Any CPU.ActiveCfg = Release|Any CPU
		{E557ADEB-4924-4F00-AD88-74106ECACF34}.Release|Any CPU.Build.0 = Release|Any CPU
	EndGlobalSection
	GlobalSection(SolutionProperties) = preSolution
		HideSolutionNode = FALSE
	EndGlobalSection
	GlobalSection(ExtensibilityGlobals) = postSolution
		SolutionGuid = {D8D02E85-E605-4F0D-AED3-A7A0EF2146F2}
	EndGlobalSection
EndGlobal
